
Microsoft Visual Studio Solution File, Format Version 12.00
# Visual Studio Version 16
VisualStudioVersion = 16.0.30804.86
MinimumVisualStudioVersion = 10.0.40219.1
Project("{FAE04EC0-301F-11D3-BF4B-00C04F79EFBC}") = "Nuget.Server.Lior.Matsliah", "Nuget.Server.Lior.Matsliah.csproj", "{BB43994E-E9E4-45EB-90E2-C5604DEF53D9}"
EndProject
Global
	GlobalSection(SolutionConfigurationPlatforms) = preSolution
		Debug|Any CPU = Debug|Any CPU
		Release|Any CPU = Release|Any CPU
	EndGlobalSection
	GlobalSection(ProjectConfigurationPlatforms) = postSolution
		{BB43994E-E9E4-45EB-90E2-C5604DEF53D9}.Debug|Any CPU.ActiveCfg = Debug|Any CPU
		{BB43994E-E9E4-45EB-90E2-C5604DEF53D9}.Debug|Any CPU.Build.0 = Debug|Any CPU
		{BB43994E-E9E4-45EB-90E2-C5604DEF53D9}.Release|Any CPU.ActiveCfg = Release|Any CPU
		{BB43994E-E9E4-45EB-90E2-C5604DEF53D9}.Release|Any CPU.Build.0 = Release|Any CPU
	EndGlobalSection
	GlobalSection(SolutionProperties) = preSolution
		HideSolutionNode = FALSE
	EndGlobalSection
	GlobalSection(ExtensibilityGlobals) = postSolution
		SolutionGuid = {9AEB0BBC-8675-4C0A-8A89-4C2302A9B7E3}
	EndGlobalSection
EndGlobal
